PODS:
  - ReactiveCocoa (4.0.4-alpha-4):
    - ReactiveCocoa/UI (= 4.0.4-alpha-4)
    - Result (~> 1.0)
  - ReactiveCocoa/Core (4.0.4-alpha-4):
    - ReactiveCocoa/no-arc
    - Result (~> 1.0)
  - ReactiveCocoa/no-arc (4.0.4-alpha-4):
    - Result (~> 1.0)
  - ReactiveCocoa/UI (4.0.4-alpha-4):
    - ReactiveCocoa/Core
    - Result (~> 1.0)
  - Result (1.0.0)

DEPENDENCIES:
  - ReactiveCocoa (~> 4.0.4-alpha-4)

SPEC CHECKSUMS:
  ReactiveCocoa: e459ea92099447802df20c4735e31e8139b06094
  Result: feaaff535eb59c414c6c7f95e6145ab991b1b07f

COCOAPODS: 0.39.0
